github.com/aldor007/go-aws-auth v0.0.0-20180623204207-00898dfb9272 h1:TuxcUGZxsHKCW50twhDbGdRtuMXmMDCmOssevV0ZoOA=
github.com/aldor007/go-aws-auth v0.0.0-20180623204207-00898dfb9272/go.mod h1:gm7JFOl7Sp8r+lJqHXOkL0HyUFR05QXueqxVufqfkTg=
github.com/aldor007/mort v0.12.0 h1:2B6AE+1dN+6HORZ9t7u2ysJ4Kfz3lHIJoiICvf3hQyA=
github.com/aldor007/mort v0.12.0/go.mod h1:LFg/bthesXeJvAdfULjLOhu4KcuTClSigO2KP5HM+CM=
github.com/aldor007/stow v0.0.0-20171229203915-67ba3fffe7b8 h1:pD2XaHkkGTs3BjuWx+jEgtMcjO3NhMbp62Gb96WNkP0=
github.com/aldor007/stow v0.0.0-20171229203915-67ba3fffe7b8/go.mod h1:TUBrYvdpmfMQKeKUIZeveJE/Y5VufnvvtDE/kxJ9X3U=
github.com/aws/aws-sdk-go v1.12.28 h1:nXc2Sj3QwHle2Kf52Fr6HpyDNzNd5oYlPnqbB8hUBOg=
github.com/aws/aws-sdk-go v1.12.28/go.mod h1:ZRmQr0FajVIyZ4ZzBYKG5P3ZqPz9IHG41ZoMu1ADI3k=
github.com/beorn7/perks v0.0.0-20160804104726-4c0e84591b9a h1:BtpsbiV638WQZwhA98cEZw2BsbnQJrbd0BI7tsy0W1c=
github.com/beorn7/perks v0.0.0-20160804104726-4c0e84591b9a/go.mod h1:Dwedo/Wpr24TaqPxmxbtue+5NUziq4I4S80YR8gNf3Q=
github.com/davecgh/go-spew v1.1.0 h1:ZDRjVQ15GmhC3fiQ8ni8+OwkZQO4DARzQgrnXU1Liz8=
github.com/davecgh/go-spew v1.1.0/go.mod h1:J7Y8YcW2NihsgmVo/mv3lAwl/skON4iLHjSsI+c5H38=
github.com/djherbis/stream v0.0.0-20170408001054-5cf27428a014 h1:h5mCyHPtrWnvW1EabH6GRSs3RCWv6M3ZAEp3CwL9x14=
github.com/djherbis/stream v0.0.0-20170408001054-5cf27428a014/go.mod h1:ZNVKPVRCmrwhCwQHZUpVHHrq2rtGLrG1t3T/TThYLP8=
github.com/go-chi/chi v3.3.0+incompatible h1:19pl0NEHtjUmuCdXZpZ4RP3dJWdf05Fg8DDTFLnq++8=
github.com/go-chi/chi v3.3.0+incompatible/go.mod h1:eB3wogJHnLi3x/kFX2A+IbTBlXxmMeXJVKy9tTv1XzQ=
github.com/go-ini/ini v1.31.1 h1:Ir+/CttgobzfH80vVjhKUdZVaS2oVD7/33M37NwE5HM=
github.com/go-ini/ini v1.31.1/go.mod h1:ByCAeIL28uOIIG0E3PJtZPDL8WnHpFKFOtgjp+3Ies8=
github.com/golang/protobuf v0.0.0-20171113180720-1e59b77b52bf h1:pFr/u+m8QUBMW/itAczltF3guNRAL7XDs5tD3f6nSD0=
github.com/golang/protobuf v0.0.0-20171113180720-1e59b77b52bf/go.mod h1:6lQm79b+lXiMfvg/cZm0SGofjICqVBUtrP5yJMmIC1U=
github.com/jmespath/go-jmespath v0.0.0-20160202185014-0b12d6b521d8 h1:12VvqtR6Aowv3l/EQUlocDHW2Cp4G9WJVH7uyH8QFJE=
github.com/jmespath/go-jmespath v0.0.0-20160202185014-0b12d6b521d8/go.mod h1:Nht3zPeWKUH0NzdCt2Blrr5ys8VGpn0CEB0cQHVjt7k=
github.com/karlseguin/ccache v0.0.0-20170904064732-b425c9ca005a h1:HBV4xAoAO7cxLe8pRDakTUWx1WBNv6rUDuU1S9S0a7E=
github.com/karlseguin/ccache v0.0.0-20170904064732-b425c9ca005a/go.mod h1:CM9tNPzT6EdRh14+jiW8mEF9mkNZuuE51qmgGYUB93w=
github.com/matttproud/golang_protobuf_extensions v1.0.0 h1:YNOwxxSJzSUARoD9KRZLzM9Y858MNGCOACTvCW9TSAc=
github.com/matttproud/golang_protobuf_extensions v1.0.0/go.mod h1:D8He9yQNgCq6Z5Ld7szi9bcBfOoFv/3dc6xSMkL2PC0=
github.com/pkg/errors v0.8.0 h1:WdK/asTD0HN+q6hsWO3/vpuAkAr+tw6aNJNDFFf0+qw=
github.com/pkg/errors v0.8.0/go.mod h1:bwawxfHBFNV+L2hUp1rHADufV3IMtnDRdf1r5NINEl0=
github.com/pmezard/go-difflib v1.0.0 h1:4DBwDE0NGyQoBHbLQYPwSUPoCMWR5BEzIk/f1lZbAQM=
github.com/pmezard/go-difflib v1.0.0/go.mod h1:iKH77koFhYxTK1pcRnkKkqfTogsbg7gZNVY4sRDYZ/4=
github.com/prometheus/client_golang v0.8.0 h1:1921Yw9Gc3iSc4VQh3PIoOqgPCZS7G/4xQNVUp8Mda8=
github.com/prometheus/client_golang v0.8.0/go.mod h1:7SWBe2y4D6OKWSNQJUaRYU/AaXPKyh/dDVn+NZz0KFw=
github.com/prometheus/client_model v0.0.0-20171117100541-99fa1f4be8e5 h1:cLL6NowurKLMfCeQy4tIeph12XNQWgANCNvdyrOYKV4=
github.com/prometheus/client_model v0.0.0-20171117100541-99fa1f4be8e5/go.mod h1:MbSGuTsp3dbXC40dX6PRTWyKYBIrTGTE9sqQNg2J8bo=
github.com/prometheus/common v0.0.0-20180110214958-89604d197083 h1:BVsJT8+ZbyuL3hypz/HmEiM8h2P6hBQGig4el9/MdjA=
github.com/prometheus/common v0.0.0-20180110214958-89604d197083/go.mod h1:daVV7qP5qjZbuso7PdcryaAu0sAZbrN9i7WWcTMWvro=
github.com/prometheus/procfs v0.0.0-20171226183907-b15cd069a834 h1:jQVavQNtg1+b1/lxzhVA1JS3NYnCTo4b5Mo6z1N6apo=
github.com/prometheus/procfs v0.0.0-20171226183907-b15cd069a834/go.mod h1:c3At6R/oaqEKCNdg8wHV1ftS6bRYblBhIjjI8uT2IGk=
github.com/spaolacci/murmur3 v0.0.0-20170819071325-9f5d223c6079 h1:lDiM+yMjW7Ork8mhl0YN0qO1Z02qGoe1vwzGc1gP/8U=
github.com/spaolacci/murmur3 v0.0.0-20170819071325-9f5d223c6079/go.mod h1:JwIasOWyU6f++ZhiEuf87xNszmSA2myDM2Kzu9HwQUA=
github.com/stretchr/testify v1.1.4 h1:ToftOQTytwshuOSj6bDSolVUa3GINfJP/fg3OkkOzQQ=
github.com/stretchr/testify v1.1.4/go.mod h1:a8OnRcib4nhh0OaRAV+Yts87kKdq0PP7pXfy6kDkUVs=
github.com/vmihailenco/msgpack v3.2.0+incompatible h1:ZnAl9N6gKGsMZ7Js3co4p+qK1Nu2+8iuD8RyWTsAajs=
github.com/vmihailenco/msgpack v3.2.0+incompatible/go.mod h1:fy3FlTQTDXWkZ7Bh6AcGMlsjHatGryHQYUTf1ShIgkk=
go.uber.org/atomic v1.3.1 h1:U8WaWEmp56LGz7PReduqHRVF6zzs9GbMC2NEZ42dxSQ=
go.uber.org/atomic v1.3.1/go.mod h1:gD2HeocX3+yG+ygLZcrzQJaqmWj9AIm7n08wl/qW/PE=
go.uber.org/multierr v1.1.0 h1:HoEmRHQPVSqub6w2z2d2EOVs2fjyFRGyofhKuyDq0QI=
go.uber.org/multierr v1.1.0/go.mod h1:wR5kodmAFQ0UK8QlbwjlSNy0Z68gJhDJUG5sjR94q/0=
go.uber.org/zap v1.7.1 h1:wKPciimwkIgV4Aag/wpSDzvtO5JrfwdHKHO7blTHx7Q=
go.uber.org/zap v1.7.1/go.mod h1:vwi/ZaCAaUcBkycHslxD9B2zi4UTXhF60s6SWpuDF0Q=
golang.org/x/net v0.0.0-20171115151908-9dfe39835686 h1:fxZ+mPcFhowcPZdlXrTF3GFhWVr/3wZyXQ8xW8WYGLU=
golang.org/x/net v0.0.0-20171115151908-9dfe39835686/go.mod h1:mL1N/T3taQHkDXs73rZJwtUhF3w3ftmwwsq0BUmARs4=
google.golang.org/appengine v1.0.0/go.mod h1:EbEs0AVv82hx2wNQdGPgUI5lhzA/G0D9YwlJXL52JkM=
gopkg.in/h2non/bimg.v1 v1.0.18 h1:qn6/RpBHt+7WQqoBcK+aF2puc6nC78eZj5LexxoalT4=
gopkg.in/h2non/bimg.v1 v1.0.18/go.mod h1:PgsZL7dLwUbsGm1NYps320GxGgvQNTnecMCZqxV11So=
gopkg.in/h2non/gock.v1 v1.0.9 h1:qZnr7hBXCBgWcQ0MO9PGsdSK5Rpw2Oz6yXZPcKVL5Vs=
gopkg.in/h2non/gock.v1 v1.0.9/go.mod h1:KHI4Z1sxDW6P4N3DfTWSEza07YpkQP7KJBfglRMEjKY=
gopkg.in/kothar/brotli-go.v0 v0.0.0-20170728081549-771231d473d6 h1:M8GdJL0oESXVmjOOT3upJyFkKs5o1jJERiKYOZjVes0=
gopkg.in/kothar/brotli-go.v0 v0.0.0-20170728081549-771231d473d6/go.mod h1:nVee4zUY+UoXjOfM57w44w2XjsoIqIKd4A9vktFSQ6I=
gopkg.in/yaml.v2 v2.0.0-20171116090243-287cf08546ab h1:yZ6iByf7GKeJ3gsd1Dr/xaj1DyJ//wxKX1Cdh8LhoAw=
gopkg.in/yaml.v2 v2.0.0-20171116090243-287cf08546ab/go.mod h1:JAlM8MvJe8wmxCU4Bli9HhUf9+ttbYbLASfIpnQbh74=
