# This file is autogenerated, do not edit; changes may be undone by the next 'dep ensure'.


[[projects]]
  name = "cloud.google.com/go"
  packages = ["bigquery","bigtable","bigtable/bttest","bigtable/internal/cbtconfig","bigtable/internal/gax","bigtable/internal/option","bigtable/internal/stat","civil","cmd/go-cloud-debug-agent/internal/breakpoints","cmd/go-cloud-debug-agent/internal/controller","cmd/go-cloud-debug-agent/internal/valuecollector","compute/metadata","datastore","debugger/apiv2","dlp/apiv2beta1","errorreporting/apiv1beta1","iam","iam/admin/apiv1","internal","internal/atomiccache","internal/fields","internal/optional","internal/pretty","internal/rpcreplay/proto/intstore","internal/rpcreplay/proto/rpcreplay","internal/testutil","internal/tracecontext","internal/version","language/apiv1","language/apiv1beta2","logging","logging/apiv2","logging/internal","logging/internal/testing","logging/logadmin","longrunning","longrunning/autogen","monitoring/apiv3","profiler","profiler/mocks","pubsub","pubsub/apiv1","pubsub/loadtest","pubsub/loadtest/pb","spanner","spanner/admin/database/apiv1","spanner/admin/instance/apiv1","spanner/apiv1","spanner/internal/testutil","speech/apiv1","speech/apiv1beta1","storage","trace","trace/apiv1","trace/testdata/helloworld","translate","translate/internal/translate/v2","videointelligence/apiv1beta1","videointelligence/apiv1beta2","vision","vision/apiv1"]
  revision = "5a9e19d4e1e41a734154e44a2132b358afb49a03"
  version = "v0.13.0"

[[projects]]
  name = "github.com/Azure/azure-sdk-for-go"
  packages = ["arm/dns","arm/examples/helpers","arm/storage","management","management/hostedservice","management/location","management/osimage","management/storageservice","management/testutils","management/virtualmachine","management/virtualmachinedisk","management/virtualmachineimage","storage"]
  revision = "df4dd90d076ebbf6e87d08d3f00bfac8ff4bde1a"
  version = "v10.3.1-beta"

[[projects]]
  name = "github.com/Azure/go-autorest"
  packages = ["autorest","autorest/adal","autorest/azure","autorest/date","autorest/mocks","autorest/to","autorest/validation"]
  revision = "f6be1abbb5abd0517522f850dd785990d373da7e"
  version = "v8.4.0"

[[projects]]
  branch = "master"
  name = "github.com/MichaelTJones/walk"
  packages = ["."]
  revision = "4748e29d5718c2df4028a6543edf86fd8cc0f881"

[[projects]]
  name = "github.com/aws/aws-sdk-go"
  packages = ["aws","aws/awserr","aws/awsutil","aws/client","aws/client/metadata","aws/corehandlers","aws/credentials","aws/credentials/ec2rolecreds","aws/credentials/endpointcreds","aws/credentials/plugincreds","aws/credentials/stscreds","aws/defaults","aws/ec2metadata","aws/endpoints","aws/request","aws/session","aws/signer/v4","awsmigrate/awsmigrate-renamer/rename","awstesting","awstesting/integration","awstesting/integration/smoke","awstesting/mock","awstesting/unit","internal/shareddefaults","private/model/api","private/protocol","private/protocol/ec2query","private/protocol/json/jsonutil","private/protocol/jsonrpc","private/protocol/query","private/protocol/query/queryutil","private/protocol/rest","private/protocol/restjson","private/protocol/restxml","private/protocol/xml/xmlutil","private/signer/v2","private/util","service/acm","service/apigateway","service/applicationautoscaling","service/applicationdiscoveryservice","service/appstream","service/athena","service/autoscaling","service/batch","service/budgets","service/clouddirectory","service/cloudformation","service/cloudfront","service/cloudfront/sign","service/cloudhsm","service/cloudhsmv2","service/cloudsearch","service/cloudsearchdomain","service/cloudtrail","service/cloudwatch","service/cloudwatchevents","service/cloudwatchlogs","service/codebuild","service/codecommit","service/codedeploy","service/codepipeline","service/codestar","service/cognitoidentity","service/cognitoidentityprovider","service/cognitosync","service/configservice","service/costandusagereportservice","service/databasemigrationservice","service/datapipeline","service/dax","service/devicefarm","service/directconnect","service/directoryservice","service/dynamodb","service/dynamodb/dynamodbattribute","service/dynamodb/dynamodbiface","service/dynamodbstreams","service/ec2","service/ecr","service/ecs","service/efs","service/elasticache","service/elasticbeanstalk","service/elasticsearchservice","service/elastictranscoder","service/elb","service/elbv2","service/emr","service/firehose","service/gamelift","service/glacier","service/glue","service/greengrass","service/health","service/iam","service/inspector","service/iot","service/iotdataplane","service/kinesis","service/kinesisanalytics","service/kms","service/kms/kmsiface","service/lambda","service/lexmodelbuildingservice","service/lexruntimeservice","service/lightsail","service/machinelearning","service/marketplacecommerceanalytics","service/marketplaceentitlementservice","service/marketplacemetering","service/migrationhub","service/mobile","service/mobileanalytics","service/mturk","service/opsworks","service/opsworkscm","service/organizations","service/pinpoint","service/polly","service/rds","service/rds/rdsutils","service/redshift","service/rekognition","service/resourcegroupstaggingapi","service/route53","service/route53domains","service/s3","service/s3/s3crypto","service/s3/s3iface","service/s3/s3manager","service/servicecatalog","service/ses","service/sfn","service/shield","service/simpledb","service/sms","service/snowball","service/sns","service/sqs","service/sqs/sqsiface","service/ssm","service/storagegateway","service/sts","service/support","service/swf","service/waf","service/wafregional","service/workdocs","service/workspaces","service/xray"]
  revision = "b69f447375c7fa0047ebcdd8ae5d585d5aac2f71"
  version = "v1.10.51"

[[projects]]
  branch = "master"
  name = "github.com/cheekybits/is"
  packages = ["."]
  revision = "68e9c0620927fb5427fda3708222d0edee89eae9"

[[projects]]
  name = "github.com/davecgh/go-spew"
  packages = ["spew","spew/testdata"]
  revision = "346938d642f2ec3594ed81d874461961cd0faa76"
  version = "v1.1.0"

[[projects]]
  name = "github.com/dgrijalva/jwt-go"
  packages = [".","request","test"]
  revision = "d2709f9f1f31ebcda9651b03077758c1f3a0018c"
  version = "v3.0.0"

[[projects]]
  branch = "master"
  name = "github.com/dimchansky/utfbom"
  packages = ["."]
  revision = "6c6132ff69f0f6c088739067407b5d32c52e1d0f"

[[projects]]
  branch = "master"
  name = "github.com/dnaeon/go-vcr"
  packages = ["cassette","recorder"]
  revision = "87d4990451a858cc210399285be976e63bc3c364"

[[projects]]
  name = "github.com/go-ini/ini"
  packages = ["."]
  revision = "20b96f641a5ea98f2f8619ff4f3e061cff4833bd"
  version = "v1.28.2"

[[projects]]
  name = "github.com/go-sql-driver/mysql"
  packages = ["."]
  revision = "a0583e0143b1624142adab07e0e97fe106d99561"
  version = "v1.3"

[[projects]]
  branch = "master"
  name = "github.com/golang/geo"
  packages = ["r3","s1"]
  revision = "6fb829cea43026b93220f914ca1043fdbbb35414"

[[projects]]
  branch = "master"
  name = "github.com/golang/glog"
  packages = ["."]
  revision = "23def4e6c14b4da8ac2ed8007337bc5eb5007998"

[[projects]]
  name = "github.com/golang/mock"
  packages = ["gomock"]
  revision = "13f360950a79f5864a972c786a10a50e44b69541"
  version = "v1.0.0"

[[projects]]
  branch = "master"
  name = "github.com/golang/protobuf"
  packages = ["descriptor","jsonpb/jsonpb_test_proto","proto","proto/proto3_proto","proto/testdata","protoc-gen-go/descriptor","protoc-gen-go/generator","protoc-gen-go/grpc","protoc-gen-go/plugin","ptypes","ptypes/any","ptypes/duration","ptypes/empty","ptypes/struct","ptypes/timestamp","ptypes/wrappers"]
  revision = "130e6b02ab059e7b717a096f397c5b60111cae74"

[[projects]]
  name = "github.com/google/go-cmp"
  packages = ["cmp","cmp/cmpopts","cmp/internal/diff","cmp/internal/function","cmp/internal/testprotos","cmp/internal/teststructs","cmp/internal/value"]
  revision = "8099a9787ce5dc5984ed879a3bda47dc730a8e97"
  version = "v0.1.0"

[[projects]]
  branch = "master"
  name = "github.com/google/pprof"
  packages = ["profile"]
  revision = "43bdac25ec8dcf95b98bba82e7a162ff406a20b3"

[[projects]]
  name = "github.com/googleapis/gax-go"
  packages = ["."]
  revision = "317e0006254c44a0ac427cc52a0e083ff0b9622f"
  version = "v2.0.0"

[[projects]]
  branch = "master"
  name = "github.com/gopherjs/gopherjs"
  packages = ["js"]
  revision = "b40cd48c38f9a18eb3db20d163bad78de12cf0b7"

[[projects]]
  branch = "master"
  name = "github.com/graymeta/stow"
  packages = [".","local","test"]
  revision = "1c51f76db54d79c9db24cb131011632eb586196c"

[[projects]]
  branch = "master"
  name = "github.com/gucumber/gucumber"
  packages = [".","gherkin"]
  revision = "71608e2f6e76fd4da5b09a376aeec7a5c0b5edbc"

[[projects]]
  branch = "master"
  name = "github.com/howeyc/gopass"
  packages = ["."]
  revision = "bf9dde6d0d2c004a008c27aaee91170c786f6db8"

[[projects]]
  name = "github.com/jmespath/go-jmespath"
  packages = ["."]
  revision = "3433f3ea46d9f8019119e7dd41274e112a2359a9"
  version = "0.2.2"

[[projects]]
  name = "github.com/jtolds/gls"
  packages = ["."]
  revision = "77f18212c9c7edc9bd6a33d383a7b545ce62f064"
  version = "v4.2.1"

[[projects]]
  name = "github.com/labstack/echo"
  packages = ["."]
  revision = "cec7629194fe4bf83b0c72d9a02d340c7a1468ac"
  version = "3.2.3"

[[projects]]
  name = "github.com/labstack/gommon"
  packages = ["bytes","color","log","random"]
  revision = "779b8a8b9850a97acba6a3fe20feb628c39e17c1"
  version = "0.2.2"

[[projects]]
  name = "github.com/mattn/go-colorable"
  packages = ["."]
  revision = "167de6bfdfba052fa6b2d3664c8f5272e23c9072"
  version = "v0.0.9"

[[projects]]
  name = "github.com/mattn/go-isatty"
  packages = ["."]
  revision = "fc9e8d8ef48496124e79ae0df75490096eccf6fe"
  version = "v0.0.2"

[[projects]]
  branch = "master"
  name = "github.com/mgutz/ansi"
  packages = ["."]
  revision = "9520e82c474b0a04dd04f8a40959027271bab992"

[[projects]]
  branch = "master"
  name = "github.com/mgutz/minimist"
  packages = ["."]
  revision = "39eb8cf573ca29344bd7d7e6ba4d7febdebd37a9"

[[projects]]
  name = "github.com/mgutz/str"
  packages = ["."]
  revision = "968bf66e3da857419e4f6e71b2d5c9ae95682dc4"
  version = "v1.2.0"

[[projects]]
  name = "github.com/mgutz/to"
  packages = ["."]
  revision = "00c06406c2dd2e011f153a6502a21473676db33f"
  version = "v1.0.0"

[[projects]]
  branch = "master"
  name = "github.com/mitchellh/go-homedir"
  packages = ["."]
  revision = "b8bc1bf767474819792c23f32d8286a45736f1c6"

[[projects]]
  branch = "master"
  name = "github.com/ncw/swift"
  packages = [".","rs","swifttest"]
  revision = "9d3f812e23d270d1c66a9a01e20af1005061cdc4"

[[projects]]
  name = "github.com/nozzle/throttler"
  packages = ["."]
  revision = "d9b45f19996c645d38c9266d1f5cf1990e930119"
  version = "v1.0"

[[projects]]
  name = "github.com/pkg/errors"
  packages = ["."]
  revision = "645ef00459ed84a119197bfb8d8205042c6df63d"
  version = "v0.8.0"

[[projects]]
  name = "github.com/pmezard/go-difflib"
  packages = ["difflib"]
  revision = "792786c7400a136282c1664665ae0a8db921c6c2"
  version = "v1.0.0"

[[projects]]
  name = "github.com/satori/uuid"
  packages = ["."]
  revision = "879c5887cd475cd7864858769793b2ceb0d44feb"
  version = "v1.1.0"

[[projects]]
  branch = "master"
  name = "github.com/shiena/ansicolor"
  packages = ["."]
  revision = "a422bbe96644373c5753384a59d678f7d261ff10"

[[projects]]
  branch = "master"
  name = "github.com/shopspring/decimal"
  packages = ["."]
  revision = "aed1bfe463fa3c9cc268d60dcc1491db613bff7e"

[[projects]]
  name = "github.com/smartystreets/assertions"
  packages = [".","internal/go-render/render","internal/oglematchers"]
  revision = "9c0ea8acbc1d8ad689f9e6fe0c1fa5838e0cabc2"
  version = "1.7.0"

[[projects]]
  name = "github.com/smartystreets/goconvey"
  packages = ["convey","convey/gotest","convey/reporting"]
  revision = "9e8dc3f972df6c8fcc0375ef492c24d0bb204857"
  version = "1.6.3"

[[projects]]
  branch = "master"
  name = "github.com/stretchr/objx"
  packages = ["."]
  revision = "1a9d0bb9f541897e62256577b352fdbc1fb4fd94"

[[projects]]
  name = "github.com/stretchr/testify"
  packages = ["assert","http","mock","require"]
  revision = "69483b4bd14f5845b5a1e55bca19e954e827f1d0"
  version = "v1.1.4"

[[projects]]
  name = "github.com/tj/go-debug"
  packages = ["."]
  revision = "ff4a55a20a86994118644bbddc6a216da193cc13"
  version = "v2.0.0"

[[projects]]
  branch = "master"
  name = "github.com/valyala/bytebufferpool"
  packages = ["."]
  revision = "e746df99fe4a3986f4d4f79e13c1e0117ce9c2f7"

[[projects]]
  branch = "master"
  name = "github.com/valyala/fasttemplate"
  packages = ["."]
  revision = "dcecefd839c4193db0d35b88ec65b4c12d360ab0"

[[projects]]
  name = "github.com/visionmedia/go-debug"
  packages = ["."]
  revision = "ff4a55a20a86994118644bbddc6a216da193cc13"
  version = "v2.0.0"

[[projects]]
  branch = "master"
  name = "go4.org"
  packages = ["cloud/cloudlaunch","cloud/google/gceutil","ctxutil","errorutil","readerutil","reflectutil","sort","strutil","syncutil","syncutil/singleflight","wkfs","wkfs/gcs","xdgdir"]
  revision = "034d17a462f7b2dcd1a4a73553ec5357ff6e6c6e"

[[projects]]
  branch = "master"
  name = "golang.org/x/crypto"
  packages = ["acme","acme/autocert","blowfish","cast5","chacha20poly1305/internal/chacha20","cryptobyte","cryptobyte/asn1","curve25519","ed25519","ed25519/internal/edwards25519","hkdf","md4","nacl/auth","nacl/box","nacl/secretbox","openpgp","openpgp/armor","openpgp/elgamal","openpgp/errors","openpgp/packet","openpgp/s2k","pbkdf2","pkcs12","pkcs12/internal/rc2","poly1305","ripemd160","salsa20/salsa","ssh","ssh/agent","ssh/terminal","ssh/testdata"]
  revision = "7d9177d70076375b9a59c8fde23d52d9c4a7ecd5"

[[projects]]
  branch = "master"
  name = "golang.org/x/debug"
  packages = [".","arch","dwarf","elf","local","macho","server","server/protocol"]
  revision = "f11d3bcfb62fc8e5d737acc91534fad5e188b8d4"

[[projects]]
  branch = "master"
  name = "golang.org/x/net"
  packages = ["bpf","context","context/ctxhttp","dns/dnsmessage","html","html/atom","http2","http2/hpack","icmp","idna","internal/iana","internal/nettest","internal/socket","internal/timeseries","ipv4","ipv6","lex/httplex","trace","webdav","webdav/internal/xml","websocket"]
  revision = "0744d001aa8470aaa53df28d32e5ceeb8af9bd70"

[[projects]]
  branch = "master"
  name = "golang.org/x/oauth2"
  packages = [".","clientcredentials","google","internal","jws","jwt"]
  revision = "13449ad91cb26cb47661c1b080790392170385fd"

[[projects]]
  branch = "master"
  name = "golang.org/x/sync"
  packages = ["errgroup","semaphore","syncmap"]
  revision = "f52d1811a62927559de87708c8913c1650ce4f26"

[[projects]]
  branch = "master"
  name = "golang.org/x/sys"
  packages = ["plan9","unix","windows","windows/registry","windows/svc","windows/svc/debug","windows/svc/eventlog","windows/svc/mgr"]
  revision = "429f518978ab01db8bb6f44b66785088e7fba58b"

[[projects]]
  branch = "master"
  name = "golang.org/x/text"
  packages = ["cases","collate","collate/build","currency","encoding","encoding/charmap","encoding/htmlindex","encoding/ianaindex","encoding/internal","encoding/internal/enctest","encoding/internal/identifier","encoding/japanese","encoding/korean","encoding/simplifiedchinese","encoding/traditionalchinese","encoding/unicode","feature/plural","internal","internal/catmsg","internal/colltab","internal/export/idna","internal/format","internal/gen","internal/number","internal/stringset","internal/tag","internal/testtext","internal/triegen","internal/ucd","internal/utf8internal","language","language/display","message","message/catalog","number","runes","secure/bidirule","transform","unicode/bidi","unicode/cldr","unicode/norm","unicode/rangetable","unicode/runenames","width"]
  revision = "1cbadb444a806fd9430d14ad08967ed91da4fa0a"

[[projects]]
  branch = "master"
  name = "golang.org/x/time"
  packages = ["rate"]
  revision = "8be79e1e0910c292df4e79c241bb7e8f7e725959"

[[projects]]
  branch = "master"
  name = "golang.org/x/tools"
  packages = ["go/ast/astutil","go/buildutil","go/loader"]
  revision = "e531a2a1c15f94033f6fa87666caeb19a688175f"

[[projects]]
  branch = "master"
  name = "google.golang.org/api"
  packages = ["bigquery/v2","books/v1","calendar/v3","clouddebugger/v2","cloudresourcemanager/v1","cloudtrace/v1","compute/v1","container/v1","dfareporting/v2.7","drive/v2","fitness/v1","gensupport","gmail/v1","google-api-go-generator/internal/disco","googleapi","googleapi/internal/uritemplates","googleapi/transport","internal","iterator","iterator/testing","mirror/v1","monitoring/v3","option","prediction/v1.6","pubsub/v1beta2","storage/v1","support/bundler","tasks/v1","transport","transport/bytestream/internal","transport/grpc","transport/http","urlshortener/v1","youtube/v3"]
  revision = "cec5cc05d57604ba2d2eaaf5381d3248fac4814d"

[[projects]]
  name = "google.golang.org/appengine"
  packages = [".","datastore","internal","internal/aetesting","internal/app_identity","internal/base","internal/blobstore","internal/capability","internal/channel","internal/datastore","internal/image","internal/log","internal/mail","internal/memcache","internal/modules","internal/remote_api","internal/search","internal/socket","internal/system","internal/taskqueue","internal/urlfetch","internal/user","internal/xmpp","log","memcache","socket","taskqueue","urlfetch","user"]
  revision = "150dc57a1b433e64154302bdc40b6bb8aefa313a"
  version = "v1.0.0"

[[projects]]
  branch = "master"
  name = "google.golang.org/genproto"
  packages = ["googleapis/api","googleapis/api/annotations","googleapis/api/configchange","googleapis/api/distribution","googleapis/api/httpbody","googleapis/api/label","googleapis/api/metric","googleapis/api/monitoredres","googleapis/api/serviceconfig","googleapis/appengine/logging/v1","googleapis/bigtable/admin/v2","googleapis/bigtable/v2","googleapis/bytestream","googleapis/cloud/audit","googleapis/cloud/language/v1","googleapis/cloud/language/v1beta2","googleapis/cloud/speech/v1","googleapis/cloud/speech/v1beta1","googleapis/cloud/support/common","googleapis/cloud/videointelligence/v1beta1","googleapis/cloud/videointelligence/v1beta2","googleapis/cloud/vision/v1","googleapis/datastore/v1","googleapis/devtools/clouddebugger/v2","googleapis/devtools/clouderrorreporting/v1beta1","googleapis/devtools/cloudprofiler/v2","googleapis/devtools/cloudtrace/v1","googleapis/devtools/source/v1","googleapis/iam/admin/v1","googleapis/iam/v1","googleapis/logging/type","googleapis/logging/v2","googleapis/longrunning","googleapis/monitoring/v3","googleapis/privacy/dlp/v2beta1","googleapis/pubsub/v1","googleapis/rpc/code","googleapis/rpc/errdetails","googleapis/rpc/status","googleapis/spanner/admin/database/v1","googleapis/spanner/admin/instance/v1","googleapis/spanner/v1","googleapis/type/color","googleapis/type/date","googleapis/type/latlng","googleapis/type/money","googleapis/type/timeofday","protobuf/api","protobuf/field_mask","protobuf/ptype","protobuf/source_context"]
  revision = "1e559d0a00eef8a9a43151db4665280bd8dd5886"

[[projects]]
  name = "google.golang.org/grpc"
  packages = [".","benchmark","benchmark/grpc_testing","benchmark/latency","benchmark/stats","codes","connectivity","credentials","credentials/oauth","examples/helloworld/helloworld","examples/helloworld/mock_helloworld","examples/route_guide/mock_routeguide","examples/route_guide/routeguide","grpclb/grpc_lb_v1/messages","grpclb/grpc_lb_v1/service","grpclog","grpclog/glogger","health","health/grpc_health_v1","internal","interop","interop/grpc_testing","keepalive","metadata","naming","peer","reflection","reflection/grpc_reflection_v1alpha","reflection/grpc_testing","reflection/grpc_testingv3","stats","stats/grpc_testing","status","stress/grpc_testing","tap","test/codec_perf","test/grpc_testing","testdata","transport"]
  revision = "f92cdcd7dcdc69e81b2d7b338479a19a8723cfa3"
  version = "v1.6.0"

[[projects]]
  branch = "v1"
  name = "gopkg.in/check.v1"
  packages = ["."]
  revision = "20d25e2804050c1cd24a7eea1e7a6447dd0e74ec"

[[projects]]
  name = "gopkg.in/godo.v2"
  packages = [".","glob","util","watcher","watcher/fswatch"]
  revision = "b5fd2f0bef1ebe832e628cfad18ab1cc707f65a1"
  version = "v2.0.9"

[[projects]]
  name = "gopkg.in/h2non/bimg.v1"
  packages = ["."]
  revision = "276e0541892a9c518de3cf332536cd30ebef25de"
  version = "v1.0.14"

[[projects]]
  name = "gopkg.in/h2non/filetype.v1"
  packages = [".","matchers","types"]
  revision = "22e255079ab40241c671d457081831d972f0436b"
  version = "v1.0.3"

[[projects]]
  branch = "v2"
  name = "gopkg.in/yaml.v2"
  packages = ["."]
  revision = "eb3733d160e74a9c7e442f435eb3bea458e1d19f"

[solve-meta]
  analyzer-name = "dep"
  analyzer-version = 1
  inputs-digest = "00bb3c791e56c0d53c52a239d07fd5d07868bacffaf5e9ac190626092f11ed3c"
  solver-name = "gps-cdcl"
  solver-version = 1
